
Microsoft Visual Studio Solution File, Format Version 12.00
# Visual Studio Version 17
VisualStudioVersion = 17.3.32929.385
MinimumVisualStudioVersion = 10.0.40219.1
Project("{FAE04EC0-301F-11D3-BF4B-00C04F79EFBC}") = "CBank", "CBank\CBank.csproj", "{D9949894-CAFB-4E23-8E75-250E338797EE}"
EndProject
Global
	GlobalSection(SolutionConfigurationPlatforms) = preSolution
		Debug|Any CPU = Debug|Any CPU
		Release|Any CPU = Release|Any CPU
	EndGlobalSection
	GlobalSection(ProjectConfigurationPlatforms) = postSolution
		{D9949894-CAFB-4E23-8E75-250E338797EE}.Debug|Any CPU.ActiveCfg = Debug|Any CPU
		{D9949894-CAFB-4E23-8E75-250E338797EE}.Debug|Any CPU.Build.0 = Debug|Any CPU
		{D9949894-CAFB-4E23-8E75-250E338797EE}.Release|Any CPU.ActiveCfg = Release|Any CPU
		{D9949894-CAFB-4E23-8E75-250E338797EE}.Release|Any CPU.Build.0 = Release|Any CPU
	EndGlobalSection
	GlobalSection(SolutionProperties) = preSolution
		HideSolutionNode = FALSE
	EndGlobalSection
	GlobalSection(ExtensibilityGlobals) = postSolution
		SolutionGuid = {1ACE7E1C-5E5D-4A21-82E0-6F2B0B6B5F55}
	EndGlobalSection
EndGlobal
